
Microsoft Visual Studio Solution File, Format Version 12.00
# Visual Studio 15
VisualStudioVersion = 15.0.26124.0
MinimumVisualStudioVersion = 15.0.26124.0
Project("{2150E333-8FDC-42A3-9474-1A3956D46DE8}") = "csharp", "csharp", "{2EFAF7F1-EA7E-4826-8CBD-8485E3776F5C}"
EndProject
Project("{FAE04EC0-301F-11D3-BF4B-00C04F79EFBC}") = "FastLinearEstimator", "csharp\FastLinearEstimator\FastLinearEstimator.csproj", "{7ECDC8ED-0637-4905-916A-CFD88021858B}"
EndProject
Global
	GlobalSection(SolutionConfigurationPlatforms) = preSolution
		Debug|Any CPU = Debug|Any CPU
		Debug|x64 = Debug|x64
		Debug|x86 = Debug|x86
		Release|Any CPU = Release|Any CPU
		Release|x64 = Release|x64
		Release|x86 = Release|x86
	EndGlobalSection
	GlobalSection(SolutionProperties) = preSolution
		HideSolutionNode = FALSE
	EndGlobalSection
	GlobalSection(ProjectConfigurationPlatforms) = postSolution
		{7ECDC8ED-0637-4905-916A-CFD88021858B}.Debug|Any CPU.ActiveCfg = Debug|Any CPU
		{7ECDC8ED-0637-4905-916A-CFD88021858B}.Debug|Any CPU.Build.0 = Debug|Any CPU
		{7ECDC8ED-0637-4905-916A-CFD88021858B}.Debug|x64.ActiveCfg = Debug|Any CPU
		{7ECDC8ED-0637-4905-916A-CFD88021858B}.Debug|x64.Build.0 = Debug|Any CPU
		{7ECDC8ED-0637-4905-916A-CFD88021858B}.Debug|x86.ActiveCfg = Debug|Any CPU
		{7ECDC8ED-0637-4905-916A-CFD88021858B}.Debug|x86.Build.0 = Debug|Any CPU
		{7ECDC8ED-0637-4905-916A-CFD88021858B}.Release|Any CPU.ActiveCfg = Release|Any CPU
		{7ECDC8ED-0637-4905-916A-CFD88021858B}.Release|Any CPU.Build.0 = Release|Any CPU
		{7ECDC8ED-0637-4905-916A-CFD88021858B}.Release|x64.ActiveCfg = Release|Any CPU
		{7ECDC8ED-0637-4905-916A-CFD88021858B}.Release|x64.Build.0 = Release|Any CPU
		{7ECDC8ED-0637-4905-916A-CFD88021858B}.Release|x86.ActiveCfg = Release|Any CPU
		{7ECDC8ED-0637-4905-916A-CFD88021858B}.Release|x86.Build.0 = Release|Any CPU
	EndGlobalSection
	GlobalSection(NestedProjects) = preSolution
		{7ECDC8ED-0637-4905-916A-CFD88021858B} = {2EFAF7F1-EA7E-4826-8CBD-8485E3776F5C}
	EndGlobalSection
EndGlobal
